{
  "lockfileVersion": 1,
  "configVersion": 1,
  "workspaces": {
    "": {
      "name": "gitq",
      "dependencies": {
        "@workforge/glance-sdk": "^0.9.0",
        "picomatch": "^4.0.2",
      },
      "devDependencies": {
        "@types/picomatch": "^3.0.1",
        "bun-types": "^1.3.11",
        "typescript": "^5.9.3",
      },
    },
  },
  "packages": {
    "@types/node": ["@types/node@26.1.1", "", { "dependencies": { "undici-types": "~8.3.0" } }, "sha512-nxAkRSVkN1Y0JC1W8ky/fTfkGsMmcrRsbx+3XoZE+rMOX71kLYTV7fLXpqud1GpbpP5TuffXFqfX7fH2GgZREw=="],

    "@types/picomatch": ["@types/picomatch@3.0.2", "", {}, "sha512-n0i8TD3UDB7paoMMxA3Y65vUncFJXjcUf7lQY7YyKGl6031FNjfsLs6pdLFCy2GNFxItPJG8GvvpbZc2skH7WA=="],

    "@workforge/glance-sdk": ["@workforge/glance-sdk@0.9.0", "", {}, "sha512-Up1FvwgHVRodibqU2p5+UFWlOSqdqpuOOohSvQGTC+d2JLIrAHI+J9pkqywUGosxHlv+6qw8fLqKLIdPhgiHFQ=="],

    "bun-types": ["bun-types@1.3.14", "", { "dependencies": { "@types/node": "*" } }, "sha512-4N0ig0fEomHt5R0KCFWjovxow98rIoRwKolrYdCcknNwMekCXRnWEUvgu5soYV8QXtVsrUD8B95MBOZGPvr6KQ=="],

    "picomatch": ["picomatch@4.0.5", "", {}, "sha512-RvwwcruNjI1ncT5xRakeyS9Lf8lcItv34KD+aif+VH9kduAyfYBipGh12274xtenIPZ119/R9BdTBa8gAwSh0A=="],

    "typescript": ["typescript@5.9.3", "", { "bin": { "tsc": "bin/tsc", "tsserver": "bin/tsserver" } }, "sha512-jl1vZzPDinLr9eUt3J/t7V6FgNEw9QjvBPdysz9KfQDD41fQrC2Y4vKQdiaUpFT4bXlb1RHhLpp8wtm6M5TgSw=="],

    "undici-types": ["undici-types@8.3.0", "", {}, "sha512-j375ScV60dom+YkPFIfTLcOiPxkN/buHz5GobjLhixFuANaNs3C9l4GmrWqejgXWJ7BbJcFYpTEUkS1Ge8bpZQ=="],
  }
}
